NeoBundleLock TwitVim e8409b3452949a162879926b5e7af840a674c9f8
NeoBundleLock VimClojure 2a17c249571395a7f45523d38cac6a9326ecf8f1
NeoBundleLock jasmine.vim 50cae137f8308cdfdf70010232a852a364549411
NeoBundleLock neobundle.vim 27c473e6b8c0d9aef620d4a993615a5537175e36
NeoBundleLock neocomplcache d83bcbd0b142eb8de9d669ead26914cd7322a51c
NeoBundleLock neosnippet 044c9cb8ca46a5e27eec37198990c26fe707b02a
NeoBundleLock neosnippet-snippets f95c8f7e927607d4e0215a6e92191bf3469c28eb
NeoBundleLock open-browser.vim 34f999c808f2bf8ab89acb8d130ff44ab0df2f91
NeoBundleLock previm d2113bd2bece790edad0f1ebf222f16e780b8a74
NeoBundleLock syntastic 776d4175cd12506e493d6d3722e23cef3f227aa0
NeoBundleLock unite.vim e88b81f0f391cab68b66004c3d6f1901c6ad9f1f
NeoBundleLock vim-coffee-script 827e4a38b07479433b619091469a7495a392df8a
NeoBundleLock vim-indent-guides eec1b629dc4cfa3986d20f21d4b4489732cd3f5a
NeoBundleLock vim-javascript-syntax 82cb62c8982c825eaeeefe84a7a77cb86e33a242
NeoBundleLock vim-pathogen b9fb0dfd811004010f5f6903edef42d6004ebea2
NeoBundleLock vim-slime d89c5ca795edf46c9e26c104257edc3d1d81a57e
NeoBundleLock vimproc 04b45cd80f48f66daed04a1a48a7ea4e7d316086
NeoBundleLock vimshell f30a0a784de761ce4d9abd5bd85897963bbf5af6
